{
  "nodes": {
    "home-manager": {
      "inputs": {
        "nixpkgs": [
          "nixpkgs"
        ]
      },
      "locked": {
        "lastModified": 1774274572,
        "narHash": "sha256-YtpNRYSv0CQn+MjhHHqFcIR5L0Urex2tTwS42kP6nuc=",
        "owner": "nix-community",
        "repo": "home-manager",
        "rev": "90913f831383a599c556cba59eac8cae9b5195a9",
        "type": "github"
      },
      "original": {
        "owner": "nix-community",
        "repo": "home-manager",
        "type": "github"
      }
    },
    "nixpkgs": {
      "locked": {
        "lastModified": 1774106199,
        "narHash": "sha256-US5Tda2sKmjrg2lNHQL3jRQ6p96cgfWh3J1QBliQ8Ws=",
        "owner": "nixos",
        "repo": "nixpkgs",
        "rev": "6c9a78c09ff4d6c21d0319114873508a6ec01655",
        "type": "github"
      },
      "original": {
        "owner": "nixos",
        "ref": "nixos-unstable",
        "repo": "nixpkgs",
        "type": "github"
      }
    },
    "nixpkgs-local": {
      "locked": {
        "lastModified": 1774418253,
        "narHash": "sha256-k2ZFTVQ1b3TBprmq6rCwv40f3s6aZx4lYgAQy48BCws=",
        "path": "/home/das/Downloads/nixpkgs",
        "type": "path"
      },
      "original": {
        "path": "/home/das/Downloads/nixpkgs",
        "type": "path"
      }
    },
    "nixpkgs-obs": {
      "locked": {
        "lastModified": 1774390349,
        "narHash": "sha256-L11Jkyibv3I+pkZ8tXwAmzmQHbcf/4nX4H9RmA4Isvw=",
        "path": "/home/das/Downloads/n/nixpkgs",
        "type": "path"
      },
      "original": {
        "path": "/home/das/Downloads/n/nixpkgs",
        "type": "path"
      }
    },
    "nixpkgs-onnx": {
      "locked": {
        "lastModified": 1774337021,
        "narHash": "sha256-C6cGht0PtRRdC5CuFeDsW81UkHqSCA9OfAt8VEkBD6A=",
        "path": "/home/das/Downloads/onnx/nixpkgs",
        "type": "path"
      },
      "original": {
        "path": "/home/das/Downloads/onnx/nixpkgs",
        "type": "path"
      }
    },
    "root": {
      "inputs": {
        "home-manager": "home-manager",
        "nixpkgs": "nixpkgs",
        "nixpkgs-local": "nixpkgs-local",
        "nixpkgs-obs": "nixpkgs-obs",
        "nixpkgs-onnx": "nixpkgs-onnx"
      }
    }
  },
  "root": "root",
  "version": 7
}
