{
  "nodes": {
    "home-manager": {
      "inputs": {
        "nixpkgs": [
          "nixpkgs"
        ]
      },
      "locked": {
        "lastModified": 1772516620,
        "narHash": "sha256-2r4cKdqCVlQkvcTcLUMxmsmAYZZxCMd//w/PnDnukTE=",
        "owner": "nix-community",
        "repo": "home-manager",
        "rev": "2b9504d5a0169d4940a312abe2df2c5658db8de9",
        "type": "github"
      },
      "original": {
        "owner": "nix-community",
        "repo": "home-manager",
        "type": "github"
      }
    },
    "nixpkgs": {
      "locked": {
        "lastModified": 1772433332,
        "narHash": "sha256-izhTDFKsg6KeVBxJS9EblGeQ8y+O8eCa6RcW874vxEc=",
        "owner": "nixos",
        "repo": "nixpkgs",
        "rev": "cf59864ef8aa2e178cccedbe2c178185b0365705",
        "type": "github"
      },
      "original": {
        "owner": "nixos",
        "ref": "nixos-unstable",
        "repo": "nixpkgs",
        "type": "github"
      }
    },
    "nixpkgs-local": {
      "locked": {
        "lastModified": 1771615983,
        "narHash": "sha256-CBd8waik17wUPDtFaWV89V4+fGihTtj2mELgyAiWKVM=",
        "path": "/home/das/Downloads/nixpkgs",
        "type": "path"
      },
      "original": {
        "path": "/home/das/Downloads/nixpkgs",
        "type": "path"
      }
    },
    "nixpkgs-pcp": {
      "locked": {
        "lastModified": 0,
        "narHash": "sha256-ROeUNPibeY6AMnW7wy5iJgYGD1XgUnMGVOgqrtREWSc=",
        "path": "/home/das/Downloads/n/nixpkgs",
        "type": "path"
      },
      "original": {
        "path": "/home/das/Downloads/n/nixpkgs",
        "type": "path"
      }
    },
    "root": {
      "inputs": {
        "home-manager": "home-manager",
        "nixpkgs": "nixpkgs",
        "nixpkgs-local": "nixpkgs-local",
        "nixpkgs-pcp": "nixpkgs-pcp"
      }
    }
  },
  "root": "root",
  "version": 7
}
